version = 1
revision = 3
requires-python = ">=3.11"

[[package]]
name = "cyrene-message-connector-python-tck"
version = "0.0.0"
source = { virtual = "." }
dependencies = [
    { name = "protobuf" },
]

[package.metadata]
requires-dist = [{ name = "protobuf", specifier = "==5.27.2" }]

[[package]]
name = "protobuf"
version = "5.27.2"
source = { registry = "https://pypi.org/simple" }
sdist = { url = "https://files.pythonhosted.org/packages/71/a5/d61e4263e62e6db1990c120d682870e5c50a30fb6b26119a214c7a014847/protobuf-5.27.2.tar.gz", hash = "sha256:f3ecdef226b9af856075f28227ff2c90ce3a594d092c39bee5513573f25e2714", size = 401640, upload-time = "2024-06-25T20:54:53.874Z" }
wheels = [
    { url = "https://files.pythonhosted.org/packages/e9/9d/318d07d4edd1dc1a29ae67f7bb42b6e8a570f817ebe8608bf3c9c518d4e8/protobuf-5.27.2-cp310-abi3-win32.whl", hash = "sha256:354d84fac2b0d76062e9b3221f4abbbacdfd2a4d8af36bab0474f3a0bb30ab38", size = 405829, upload-time = "2024-06-25T20:54:22.034Z" },
    { url = "https://files.pythonhosted.org/packages/b1/04/73b8fd7f34f3a2b2b64aa31a173b8aebbdb0c55523df4c027846bb44bc1e/protobuf-5.27.2-cp310-abi3-win_amd64.whl", hash = "sha256:0e341109c609749d501986b835f667c6e1e24531096cff9d34ae411595e26505", size = 426919, upload-time = "2024-06-25T20:54:28.399Z" },
    { url = "https://files.pythonhosted.org/packages/75/44/6ae304790fad936bb4cf09907a05d669b7600458a02b6c960fdaaeeab06e/protobuf-5.27.2-cp38-abi3-macosx_10_9_universal2.whl", hash = "sha256:a109916aaac42bff84702fb5187f3edadbc7c97fc2c99c5ff81dd15dcce0d1e5", size = 412246, upload-time = "2024-06-25T20:54:30.159Z" },
    { url = "https://files.pythonhosted.org/packages/cd/c7/a534268f9c3780be1ba50f5ed96243fa9cf6224a445de662c34e91ce0e61/protobuf-5.27.2-cp38-abi3-manylinux2014_aarch64.whl", hash = "sha256:176c12b1f1c880bf7a76d9f7c75822b6a2bc3db2d28baa4d300e8ce4cde7409b", size = 307143, upload-time = "2024-06-25T20:54:36.048Z" },
    { url = "https://files.pythonhosted.org/packages/27/e4/8dc4546be46873f8950cb44cdfe19b79d66d26e53c4ee5e3440406257fcd/protobuf-5.27.2-cp38-abi3-manylinux2014_x86_64.whl", hash = "sha256:b848dbe1d57ed7c191dfc4ea64b8b004a3f9ece4bf4d0d80a367b76df20bf36e", size = 309259, upload-time = "2024-06-25T20:54:38.074Z" },
    { url = "https://files.pythonhosted.org/packages/3a/fa/4c3ac5527ed2e5f3577167ecd5f8180ffcdc8bdd59c9f143409c19706456/protobuf-5.27.2-py3-none-any.whl", hash = "sha256:54330f07e4949d09614707c48b06d1a22f8ffb5763c159efd5c0928326a91470", size = 164772, upload-time = "2024-06-25T20:54:52.196Z" },
]
